
Microsoft Visual Studio Solution File, Format Version 12.00
# Visual Studio Version 17
VisualStudioVersion = 17.11.35327.3
MinimumVisualStudioVersion = 10.0.40219.1
Project("{9A19103F-16F7-4668-BE54-9A1E7A4F7556}") = "MyDiary.Core", "src\MyDiary.Core\MyDiary.Core.csproj", "{1E0513FF-F5B6-4173-ADC1-F86103618591}"
EndProject
Project("{9A19103F-16F7-4668-BE54-9A1E7A4F7556}") = "MyDiary.Data", "src\MyDiary.Data\MyDiary.Data.csproj", "{63D66B8E-F21F-4AC0-A148-C4C2D269B7D8}"
EndProject
Project("{9A19103F-16F7-4668-BE54-9A1E7A4F7556}") = "MyDiary.Web", "src\MyDiary.Web\MyDiary.Web.csproj", "{D67463D1-4B02-45D7-85DA-6ED7F3140D49}"
EndProject
Global
	GlobalSection(SolutionConfigurationPlatforms) = preSolution
		Debug|Any CPU = Debug|Any CPU
		Release|Any CPU = Release|Any CPU
	EndGlobalSection
	GlobalSection(ProjectConfigurationPlatforms) = postSolution
		{1E0513FF-F5B6-4173-ADC1-F86103618591}.Debug|Any CPU.ActiveCfg = Debug|Any CPU
		{1E0513FF-F5B6-4173-ADC1-F86103618591}.Debug|Any CPU.Build.0 = Debug|Any CPU
		{1E0513FF-F5B6-4173-ADC1-F86103618591}.Release|Any CPU.ActiveCfg = Release|Any CPU
		{1E0513FF-F5B6-4173-ADC1-F86103618591}.Release|Any CPU.Build.0 = Release|Any CPU
		{63D66B8E-F21F-4AC0-A148-C4C2D269B7D8}.Debug|Any CPU.ActiveCfg = Debug|Any CPU
		{63D66B8E-F21F-4AC0-A148-C4C2D269B7D8}.Debug|Any CPU.Build.0 = Debug|Any CPU
		{63D66B8E-F21F-4AC0-A148-C4C2D269B7D8}.Release|Any CPU.ActiveCfg = Release|Any CPU
		{63D66B8E-F21F-4AC0-A148-C4C2D269B7D8}.Release|Any CPU.Build.0 = Release|Any CPU
		{D67463D1-4B02-45D7-85DA-6ED7F3140D49}.Debug|Any CPU.ActiveCfg = Debug|Any CPU
		{D67463D1-4B02-45D7-85DA-6ED7F3140D49}.Debug|Any CPU.Build.0 = Debug|Any CPU
		{D67463D1-4B02-45D7-85DA-6ED7F3140D49}.Release|Any CPU.ActiveCfg = Release|Any CPU
		{D67463D1-4B02-45D7-85DA-6ED7F3140D49}.Release|Any CPU.Build.0 = Release|Any CPU
	EndGlobalSection
	GlobalSection(SolutionProperties) = preSolution
		HideSolutionNode = FALSE
	EndGlobalSection
	GlobalSection(ExtensibilityGlobals) = postSolution
		SolutionGuid = {9C09B983-0E87-4415-8374-59934BA9151F}
	EndGlobalSection
EndGlobal
